
Microsoft Visual Studio Solution File, Format Version 12.00
# Visual Studio Version 16
VisualStudioVersion = 16.0.31105.61
MinimumVisualStudioVersion = 15.0.26124.0
Project("{9A19103F-16F7-4668-BE54-9A1E7A4F7556}") = "DataEntry_WebApp", "DataEntry_WebApp\DataEntry_WebApp.csproj", "{99C94A34-046D-45E9-9626-F7E51B125261}"
EndProject
Project("{FAE04EC0-301F-11D3-BF4B-00C04F79EFBC}") = "SqliteDataAPIService", "SqliteDataAPIService\SqliteDataAPIService.csproj", "{F72939C7-F609-46CF-AED9-2F7F366EFCC9}"
EndProject
Global
	GlobalSection(SolutionConfigurationPlatforms) = preSolution
		Debug|Any CPU = Debug|Any CPU
		Debug|x64 = Debug|x64
		Debug|x86 = Debug|x86
		Release|Any CPU = Release|Any CPU
		Release|x64 = Release|x64
		Release|x86 = Release|x86
	EndGlobalSection
	GlobalSection(ProjectConfigurationPlatforms) = postSolution
		{99C94A34-046D-45E9-9626-F7E51B125261}.Debug|Any CPU.ActiveCfg = Debug|Any CPU
		{99C94A34-046D-45E9-9626-F7E51B125261}.Debug|Any CPU.Build.0 = Debug|Any CPU
		{99C94A34-046D-45E9-9626-F7E51B125261}.Debug|x64.ActiveCfg = Debug|Any CPU
		{99C94A34-046D-45E9-9626-F7E51B125261}.Debug|x64.Build.0 = Debug|Any CPU
		{99C94A34-046D-45E9-9626-F7E51B125261}.Debug|x86.ActiveCfg = Debug|Any CPU
		{99C94A34-046D-45E9-9626-F7E51B125261}.Debug|x86.Build.0 = Debug|Any CPU
		{99C94A34-046D-45E9-9626-F7E51B125261}.Release|Any CPU.ActiveCfg = Release|Any CPU
		{99C94A34-046D-45E9-9626-F7E51B125261}.Release|Any CPU.Build.0 = Release|Any CPU
		{99C94A34-046D-45E9-9626-F7E51B125261}.Release|x64.ActiveCfg = Release|Any CPU
		{99C94A34-046D-45E9-9626-F7E51B125261}.Release|x64.Build.0 = Release|Any CPU
		{99C94A34-046D-45E9-9626-F7E51B125261}.Release|x86.ActiveCfg = Release|Any CPU
		{99C94A34-046D-45E9-9626-F7E51B125261}.Release|x86.Build.0 = Release|Any CPU
		{F72939C7-F609-46CF-AED9-2F7F366EFCC9}.Debug|Any CPU.ActiveCfg = Debug|Any CPU
		{F72939C7-F609-46CF-AED9-2F7F366EFCC9}.Debug|Any CPU.Build.0 = Debug|Any CPU
		{F72939C7-F609-46CF-AED9-2F7F366EFCC9}.Debug|x64.ActiveCfg = Debug|Any CPU
		{F72939C7-F609-46CF-AED9-2F7F366EFCC9}.Debug|x64.Build.0 = Debug|Any CPU
		{F72939C7-F609-46CF-AED9-2F7F366EFCC9}.Debug|x86.ActiveCfg = Debug|Any CPU
		{F72939C7-F609-46CF-AED9-2F7F366EFCC9}.Debug|x86.Build.0 = Debug|Any CPU
		{F72939C7-F609-46CF-AED9-2F7F366EFCC9}.Release|Any CPU.ActiveCfg = Release|Any CPU
		{F72939C7-F609-46CF-AED9-2F7F366EFCC9}.Release|Any CPU.Build.0 = Release|Any CPU
		{F72939C7-F609-46CF-AED9-2F7F366EFCC9}.Release|x64.ActiveCfg = Release|Any CPU
		{F72939C7-F609-46CF-AED9-2F7F366EFCC9}.Release|x64.Build.0 = Release|Any CPU
		{F72939C7-F609-46CF-AED9-2F7F366EFCC9}.Release|x86.ActiveCfg = Release|Any CPU
		{F72939C7-F609-46CF-AED9-2F7F366EFCC9}.Release|x86.Build.0 = Release|Any CPU
	EndGlobalSection
	GlobalSection(SolutionProperties) = preSolution
		HideSolutionNode = FALSE
	EndGlobalSection
	GlobalSection(ExtensibilityGlobals) = postSolution
		SolutionGuid = {AA9AAC0C-EEEE-45DF-B72F-AC3322718CAE}
	EndGlobalSection
EndGlobal
